// !$*UTF8*$!
{
	archiveVersion = 1;
	classes = {
	};
	objectVersion = 50;
	objects = {

/* Begin PBXBuildFile section */
		2C9C1CF3228E022600C58DBF /* AppDelegate.m in Sources */ = {isa = PBXBuildFile; fileRef = 2C9C1CF2228E022600C58DBF /* AppDelegate.m */; };
		2C9C1CF6228E022600C58DBF /* ViewController.m in Sources */ = {isa = PBXBuildFile; fileRef = 2C9C1CF5228E022600C58DBF /* ViewController.m */; };
		2C9C1CF9228E022600C58DBF /* Main.storyboard in Resources */ = {isa = PBXBuildFile; fileRef = 2C9C1CF7228E022600C58DBF /* Main.storyboard */; };
		2C9C1CFB228E022700C58DBF /* Assets.xcassets in Resources */ = {isa = PBXBuildFile; fileRef = 2C9C1CFA228E022700C58DBF /* Assets.xcassets */; };
		2C9C1CFE228E022700C58DBF /* LaunchScreen.storyboard in Resources */ = {isa = PBXBuildFile; fileRef = 2C9C1CFC228E022700C58DBF /* LaunchScreen.storyboard */; };
		2C9C1D01228E022700C58DBF /* main.m in Sources */ = {isa = PBXBuildFile; fileRef = 2C9C1D00228E022700C58DBF /* main.m */; };
		2C9C1D08228E026A00C58DBF /* ISKeystrokeDynamics.framework in Frameworks */ = {isa = PBXBuildFile; fileRef = 2C9C1D07228E026A00C58DBF /* ISKeystrokeDynamics.framework */; };
		2C9C1D09228E027700C58DBF /* ISKeystrokeDynamics.framework in Frameworks */ = {isa = PBXBuildFile; fileRef = 2C9C1D07228E026A00C58DBF /* ISKeystrokeDynamics.framework */; };
		2C9C1D0A228E027700C58DBF /* ISKeystrokeDynamics.framework in Embed Frameworks */ = {isa = PBXBuildFile; fileRef = 2C9C1D07228E026A00C58DBF /* ISKeystrokeDynamics.framework */; settings = {ATTRIBUTES = (CodeSignOnCopy, RemoveHeadersOnCopy, ); }; };
/* End PBXBuildFile section */

/* Begin PBXCopyFilesBuildPhase section */
		2C9C1D0B228E027700C58DBF /* Embed Frameworks */ = {
			isa = PBXCopyFilesBuildPhase;
			buildActionMask = 2147483647;
			dstPath = "";
			dstSubfolderSpec = 10;
			files = (
				2C9C1D0A228E027700C58DBF /* ISKeystrokeDynamics.framework in Embed Frameworks */,
			);
			name = "Embed Frameworks";
			runOnlyForDeploymentPostprocessing = 0;
		};
/* End PBXCopyFilesBuildPhase section */

/* Begin PBXFileReference section */
		2C9C1CEE228E022600C58DBF /* ExampleProject.app */ = {isa = PBXFileReference; explicitFileType = wrapper.application; includeInIndex = 0; path = ExampleProject.app; sourceTree = BUILT_PRODUCTS_DIR; };
		2C9C1CF1228E022600C58DBF /* AppDelegate.h */ = {isa = PBXFileReference; lastKnownFileType = sourcecode.c.h; path = AppDelegate.h; sourceTree = "<group>"; };
		2C9C1CF2228E022600C58DBF /* AppDelegate.m */ = {isa = PBXFileReference; lastKnownFileType = sourcecode.c.objc; path = AppDelegate.m; sourceTree = "<group>"; };
		2C9C1CF4228E022600C58DBF /* ViewController.h */ = {isa = PBXFileReference; lastKnownFileType = sourcecode.c.h; path = ViewController.h; sourceTree = "<group>"; };
		2C9C1CF5228E022600C58DBF /* ViewController.m */ = {isa = PBXFileReference; lastKnownFileType = sourcecode.c.objc; path = ViewController.m; sourceTree = "<group>"; };
		2C9C1CF8228E022600C58DBF /* Base */ = {isa = PBXFileReference; lastKnownFileType = file.storyboard; name = Base; path = Base.lproj/Main.storyboard; sourceTree = "<group>"; };
		2C9C1CFA228E022700C58DBF /* Assets.xcassets */ = {isa = PBXFileReference; lastKnownFileType = folder.assetcatalog; path = Assets.xcassets; sourceTree = "<group>"; };
		2C9C1CFD228E022700C58DBF /* Base */ = {isa = PBXFileReference; lastKnownFileType = file.storyboard; name = Base; path = Base.lproj/LaunchScreen.storyboard; sourceTree = "<group>"; };
		2C9C1CFF228E022700C58DBF /* Info.plist */ = {isa = PBXFileReference; lastKnownFileType = text.plist.xml; path = Info.plist; sourceTree = "<group>"; };
		2C9C1D00228E022700C58DBF /* main.m */ = {isa = PBXFileReference; lastKnownFileType = sourcecode.c.objc; path = main.m; sourceTree = "<group>"; };
		2C9C1D07228E026A00C58DBF /* ISKeystrokeDynamics.framework */ = {isa = PBXFileReference; lastKnownFileType = wrapper.framework; path = ISKeystrokeDynamics.framework; sourceTree = "<group>"; };
/* End PBXFileReference section */

/* Begin PBXFrameworksBuildPhase section */
		2C9C1CEB228E022600C58DBF /* Frameworks */ = {
			isa = PBXFrameworksBuildPhase;
			buildActionMask = 2147483647;
			files = (
				2C9C1D09228E027700C58DBF /* ISKeystrokeDynamics.framework in Frameworks */,
				2C9C1D08228E026A00C58DBF /* ISKeystrokeDynamics.framework in Frameworks */,
			);
			runOnlyForDeploymentPostprocessing = 0;
		};
/* End PBXFrameworksBuildPhase section */

/* Begin PBXGroup section */
		2C9C1CE5228E022600C58DBF = {
			isa = PBXGroup;
			children = (
				2C9C1D07228E026A00C58DBF /* ISKeystrokeDynamics.framework */,
				2C9C1CF0228E022600C58DBF /* ExampleProject */,
				2C9C1CEF228E022600C58DBF /* Products */,
			);
			sourceTree = "<group>";
		};
		2C9C1CEF228E022600C58DBF /* Products */ = {
			isa = PBXGroup;
			children = (
				2C9C1CEE228E022600C58DBF /* ExampleProject.app */,
			);
			name = Products;
			sourceTree = "<group>";
		};
		2C9C1CF0228E022600C58DBF /* ExampleProject */ = {
			isa = PBXGroup;
			children = (
				2C9C1CF1228E022600C58DBF /* AppDelegate.h */,
				2C9C1CF2228E022600C58DBF /* AppDelegate.m */,
				2C9C1CF4228E022600C58DBF /* ViewController.h */,
				2C9C1CF5228E022600C58DBF /* ViewController.m */,
				2C9C1CF7228E022600C58DBF /* Main.storyboard */,
				2C9C1CFA228E022700C58DBF /* Assets.xcassets */,
				2C9C1CFC228E022700C58DBF /* LaunchScreen.storyboard */,
				2C9C1CFF228E022700C58DBF /* Info.plist */,
				2C9C1D00228E022700C58DBF /* main.m */,
			);
			path = ExampleProject;
			sourceTree = "<group>";
		};
/* End PBXGroup section */

/* Begin PBXNativeTarget section */
		2C9C1CED228E022600C58DBF /* ExampleProject */ = {
			isa = PBXNativeTarget;
			buildConfigurationList = 2C9C1D04228E022700C58DBF /* Build configuration list for PBXNativeTarget "ExampleProject" */;
			buildPhases = (
				2C9C1CEA228E022600C58DBF /* Sources */,
				2C9C1CEB228E022600C58DBF /* Frameworks */,
				2C9C1CEC228E022600C58DBF /* Resources */,
				2C9C1D0B228E027700C58DBF /* Embed Frameworks */,
			);
			buildRules = (
			);
			dependencies = (
			);
			name = ExampleProject;
			productName = ExampleProject;
			productReference = 2C9C1CEE228E022600C58DBF /* ExampleProject.app */;
			productType = "com.apple.product-type.application";
		};
/* End PBXNativeTarget section */

/* Begin PBXProject section */
		2C9C1CE6228E022600C58DBF /* Project object */ = {
			isa = PBXProject;
			attributes = {
				LastUpgradeCheck = 1020;
				ORGANIZATIONNAME = Ivan;
				TargetAttributes = {
					2C9C1CED228E022600C58DBF = {
						CreatedOnToolsVersion = 10.2;
					};
				};
			};
			buildConfigurationList = 2C9C1CE9228E022600C58DBF /* Build configuration list for PBXProject "ExampleProject" */;
			compatibilityVersion = "Xcode 9.3";
			developmentRegion = en;
			hasScannedForEncodings = 0;
			knownRegions = (
				en,
				Base,
			);
			mainGroup = 2C9C1CE5228E022600C58DBF;
			productRefGroup = 2C9C1CEF228E022600C58DBF /* Products */;
			projectDirPath = "";
			projectRoot = "";
			targets = (
				2C9C1CED228E022600C58DBF /* ExampleProject */,
			);
		};
/* End PBXProject section */

/* Begin PBXResourcesBuildPhase section */
		2C9C1CEC228E022600C58DBF /* Resources */ = {
			isa = PBXResourcesBuildPhase;
			buildActionMask = 2147483647;
			files = (
				2C9C1CFE228E022700C58DBF /* LaunchScreen.storyboard in Resources */,
				2C9C1CFB228E022700C58DBF /* Assets.xcassets in Resources */,
				2C9C1CF9228E022600C58DBF /* Main.storyboard in Resources */,
			);
			runOnlyForDeploymentPostprocessing = 0;
		};
/* End PBXResourcesBuildPhase section */

/* Begin PBXSourcesBuildPhase section */
		2C9C1CEA228E022600C58DBF /* Sources */ = {
			isa = PBXSourcesBuildPhase;
			buildActionMask = 2147483647;
			files = (
				2C9C1CF6228E022600C58DBF /* ViewController.m in Sources */,
				2C9C1D01228E022700C58DBF /* main.m in Sources */,
				2C9C1CF3228E022600C58DBF /* AppDelegate.m in Sources */,
			);
			runOnlyForDeploymentPostprocessing = 0;
		};
/* End PBXSourcesBuildPhase section */

/* Begin PBXVariantGroup section */
		2C9C1CF7228E022600C58DBF /* Main.storyboard */ = {
			isa = PBXVariantGroup;
			children = (
				2C9C1CF8228E022600C58DBF /* Base */,
			);
			name = Main.storyboard;
			sourceTree = "<group>";
		};
		2C9C1CFC228E022700C58DBF /* LaunchScreen.storyboard */ = {
			isa = PBXVariantGroup;
			children = (
				2C9C1CFD228E022700C58DBF /* Base */,
			);
			name = LaunchScreen.storyboard;
			sourceTree = "<group>";
		};
/* End PBXVariantGroup section */

/* Begin XCBuildConfiguration section */
		2C9C1D02228E022700C58DBF /* Debug */ = {
			isa = XCBuildConfiguration;
			buildSettings = {
				ALWAYS_SEARCH_USER_PATHS = NO;
				CLANG_ANALYZER_NONNULL = YES;
				CLANG_ANALYZER_NUMBER_OBJECT_CONVERSION = YES_AGGRESSIVE;
				CLANG_CXX_LANGUAGE_STANDARD = "gnu++14";
				CLANG_CXX_LIBRARY = "libc++";
				CLANG_ENABLE_MODULES = YES;
				CLANG_ENABLE_OBJC_ARC = YES;
				CLANG_ENABLE_OBJC_WEAK = YES;
				CLANG_WARN_BLOCK_CAPTURE_AUTORELEASING = YES;
				CLANG_WARN_BOOL_CONVERSION = YES;
				CLANG_WARN_COMMA = YES;
				CLANG_WARN_CONSTANT_CONVERSION = YES;
				CLANG_WARN_DEPRECATED_OBJC_IMPLEMENTATIONS = YES;
				CLANG_WARN_DIRECT_OBJC_ISA_USAGE = YES_ERROR;
				CLANG_WARN_DOCUMENTATION_COMMENTS = YES;
				CLANG_WARN_EMPTY_BODY = YES;
				CLANG_WARN_ENUM_CONVERSION = YES;
				CLANG_WARN_INFINITE_RECURSION = YES;
				CLANG_WARN_INT_CONVERSION = YES;
				CLANG_WARN_NON_LITERAL_NULL_CONVERSION = YES;
				CLANG_WARN_OBJC_IMPLICIT_RETAIN_SELF = YES;
				CLANG_WARN_OBJC_LITERAL_CONVERSION = YES;
				CLANG_WARN_OBJC_ROOT_CLASS = YES_ERROR;
				CLANG_WARN_RANGE_LOOP_ANALYSIS = YES;
				CLANG_WARN_STRICT_PROTOTYPES = YES;
				CLANG_WARN_SUSPICIOUS_MOVE = YES;
				CLANG_WARN_UNGUARDED_AVAILABILITY = YES_AGGRESSIVE;
				CLANG_WARN_UNREACHABLE_CODE = YES;
				CLANG_WARN__DUPLICATE_METHOD_MATCH = YES;
				CODE_SIGN_IDENTITY = "iPhone Developer";
				COPY_PHASE_STRIP = NO;
				DEBUG_INFORMATION_FORMAT = dwarf;
				ENABLE_STRICT_OBJC_MSGSEND = YES;
				ENABLE_TESTABILITY = YES;
				GCC_C_LANGUAGE_STANDARD = gnu11;
				GCC_DYNAMIC_NO_PIC = NO;
				GCC_NO_COMMON_BLOCKS = YES;
				GCC_OPTIMIZATION_LEVEL = 0;
				GCC_PREPROCESSOR_DEFINITIONS = (
					"DEBUG=1",
					"$(inherited)",
				);
				GCC_WARN_64_TO_32_BIT_CONVERSION = YES;
				GCC_WARN_ABOUT_RETURN_TYPE = YES_ERROR;
				GCC_WARN_UNDECLARED_SELECTOR = YES;
				GCC_WARN_UNINITIALIZED_AUTOS = YES_AGGRESSIVE;
				GCC_WARN_UNUSED_FUNCTION = YES;
				GCC_WARN_UNUSED_VARIABLE = YES;
				IPHONEOS_DEPLOYMENT_TARGET = 12.2;
				MTL_ENABLE_DEBUG_INFO = INCLUDE_SOURCE;
				MTL_FAST_MATH = YES;
				ONLY_ACTIVE_ARCH = YES;
				SDKROOT = iphoneos;
			};
			name = Debug;
		};
		2C9C1D03228E022700C58DBF /* Release */ = {
			isa = XCBuildConfiguration;
			buildSettings = {
				ALWAYS_SEARCH_USER_PATHS = NO;
				CLANG_ANALYZER_NONNULL = YES;
				CLANG_ANALYZER_NUMBER_OBJECT_CONVERSION = YES_AGGRESSIVE;
				CLANG_CXX_LANGUAGE_STANDARD = "gnu++14";
				CLANG_CXX_LIBRARY = "libc++";
				CLANG_ENABLE_MODULES = YES;
				CLANG_ENABLE_OBJC_ARC = YES;
				CLANG_ENABLE_OBJC_WEAK = YES;
				CLANG_WARN_BLOCK_CAPTURE_AUTORELEASING = YES;
				CLANG_WARN_BOOL_CONVERSION = YES;
				CLANG_WARN_COMMA = YES;
				CLANG_WARN_CONSTANT_CONVERSION = YES;
				CLANG_WARN_DEPRECATED_OBJC_IMPLEMENTATIONS = YES;
				CLANG_WARN_DIRECT_OBJC_ISA_USAGE = YES_ERROR;
				CLANG_WARN_DOCUMENTATION_COMMENTS = YES;
				CLANG_WARN_EMPTY_BODY = YES;
				CLANG_WARN_ENUM_CONVERSION = YES;
				CLANG_WARN_INFINITE_RECURSION = YES;
				CLANG_WARN_INT_CONVERSION = YES;
				CLANG_WARN_NON_LITERAL_NULL_CONVERSION = YES;
				CLANG_WARN_OBJC_IMPLICIT_RETAIN_SELF = YES;
				CLANG_WARN_OBJC_LITERAL_CONVERSION = YES;
				CLANG_WARN_OBJC_ROOT_CLASS = YES_ERROR;
				CLANG_WARN_RANGE_LOOP_ANALYSIS = YES;
				CLANG_WARN_STRICT_PROTOTYPES = YES;
				CLANG_WARN_SUSPICIOUS_MOVE = YES;
				CLANG_WARN_UNGUARDED_AVAILABILITY = YES_AGGRESSIVE;
				CLANG_WARN_UNREACHABLE_CODE = YES;
				CLANG_WARN__DUPLICATE_METHOD_MATCH = YES;
				CODE_SIGN_IDENTITY = "iPhone Developer";
				COPY_PHASE_STRIP = NO;
				DEBUG_INFORMATION_FORMAT = "dwarf-with-dsym";
				ENABLE_NS_ASSERTIONS = NO;
				ENABLE_STRICT_OBJC_MSGSEND = YES;
				GCC_C_LANGUAGE_STANDARD = gnu11;
				GCC_NO_COMMON_BLOCKS = YES;
				GCC_WARN_64_TO_32_BIT_CONVERSION = YES;
				GCC_WARN_ABOUT_RETURN_TYPE = YES_ERROR;
				GCC_WARN_UNDECLARED_SELECTOR = YES;
				GCC_WARN_UNINITIALIZED_AUTOS = YES_AGGRESSIVE;
				GCC_WARN_UNUSED_FUNCTION = YES;
				GCC_WARN_UNUSED_VARIABLE = YES;
				IPHONEOS_DEPLOYMENT_TARGET = 12.2;
				MTL_ENABLE_DEBUG_INFO = NO;
				MTL_FAST_MATH = YES;
				SDKROOT = iphoneos;
				VALIDATE_PRODUCT = YES;
			};
			name = Release;
		};
		2C9C1D05228E022700C58DBF /* Debug */ = {
			isa = XCBuildConfiguration;
			buildSettings = {
				ASSETCATALOG_COMPILER_APPICON_NAME = AppIcon;
				CODE_SIGN_STYLE = Automatic;
				DEVELOPMENT_TEAM = JXCL7H2Z3W;
				FRAMEWORK_SEARCH_PATHS = (
					"$(inherited)",
					"$(PROJECT_DIR)",
				);
				INFOPLIST_FILE = ExampleProject/Info.plist;
				LD_RUNPATH_SEARCH_PATHS = (
					"$(inherited)",
					"@executable_path/Frameworks",
				);
				PRODUCT_BUNDLE_IDENTIFIER = com.Ivan.ExampleProject;
				PRODUCT_NAME = "$(TARGET_NAME)";
				TARGETED_DEVICE_FAMILY = "1,2";
			};
			name = Debug;
		};
		2C9C1D06228E022700C58DBF /* Release */ = {
			isa = XCBuildConfiguration;
			buildSettings = {
				ASSETCATALOG_COMPILER_APPICON_NAME = AppIcon;
				CODE_SIGN_STYLE = Automatic;
				DEVELOPMENT_TEAM = JXCL7H2Z3W;
				FRAMEWORK_SEARCH_PATHS = (
					"$(inherited)",
					"$(PROJECT_DIR)",
				);
				INFOPLIST_FILE = ExampleProject/Info.plist;
				LD_RUNPATH_SEARCH_PATHS = (
					"$(inherited)",
					"@executable_path/Frameworks",
				);
				PRODUCT_BUNDLE_IDENTIFIER = com.Ivan.ExampleProject;
				PRODUCT_NAME = "$(TARGET_NAME)";
				TARGETED_DEVICE_FAMILY = "1,2";
			};
			name = Release;
		};
/* End XCBuildConfiguration section */

/* Begin XCConfigurationList section */
		2C9C1CE9228E022600C58DBF /* Build configuration list for PBXProject "ExampleProject" */ = {
			isa = XCConfigurationList;
			buildConfigurations = (
				2C9C1D02228E022700C58DBF /* Debug */,
				2C9C1D03228E022700C58DBF /* Release */,
			);
			defaultConfigurationIsVisible = 0;
			defaultConfigurationName = Release;
		};
		2C9C1D04228E022700C58DBF /* Build configuration list for PBXNativeTarget "ExampleProject" */ = {
			isa = XCConfigurationList;
			buildConfigurations = (
				2C9C1D05228E022700C58DBF /* Debug */,
				2C9C1D06228E022700C58DBF /* Release */,
			);
			defaultConfigurationIsVisible = 0;
			defaultConfigurationName = Release;
		};
/* End XCConfigurationList section */
	};
	rootObject = 2C9C1CE6228E022600C58DBF /* Project object */;
}
